
Microsoft Visual Studio Solution File, Format Version 12.00
# Visual Studio Version 16
VisualStudioVersion = 16.0.31624.102
MinimumVisualStudioVersion = 10.0.40219.1
Project("{FAE04EC0-301F-11D3-BF4B-00C04F79EFBC}") = "broi na sistemi", "broi na sistemi\broi na sistemi.csproj", "{32562FC2-421D-4347-B3AC-3E25433A39B9}"
EndProject
Global
	GlobalSection(SolutionConfigurationPlatforms) = preSolution
		Debug|Any CPU = Debug|Any CPU
		Release|Any CPU = Release|Any CPU
	EndGlobalSection
	GlobalSection(ProjectConfigurationPlatforms) = postSolution
		{32562FC2-421D-4347-B3AC-3E25433A39B9}.Debug|Any CPU.ActiveCfg = Debug|Any CPU
		{32562FC2-421D-4347-B3AC-3E25433A39B9}.Debug|Any CPU.Build.0 = Debug|Any CPU
		{32562FC2-421D-4347-B3AC-3E25433A39B9}.Release|Any CPU.ActiveCfg = Release|Any CPU
		{32562FC2-421D-4347-B3AC-3E25433A39B9}.Release|Any CPU.Build.0 = Release|Any CPU
	EndGlobalSection
	GlobalSection(SolutionProperties) = preSolution
		HideSolutionNode = FALSE
	EndGlobalSection
	GlobalSection(ExtensibilityGlobals) = postSolution
		SolutionGuid = {4D8B74ED-43C1-43CF-8B2F-C6F12113BA7D}
	EndGlobalSection
EndGlobal
